
Microsoft Visual Studio Solution File, Format Version 12.00
# Visual Studio Version 16
VisualStudioVersion = 16.0.31410.357
MinimumVisualStudioVersion = 10.0.40219.1
Project("{FAE04EC0-301F-11D3-BF4B-00C04F79EFBC}") = "numberguess", "numberguess\numberguess.csproj", "{570B3F1C-BD9B-4CDB-8696-D57140C4CAD2}"
EndProject
Global
	GlobalSection(SolutionConfigurationPlatforms) = preSolution
		Debug|Any CPU = Debug|Any CPU
		Release|Any CPU = Release|Any CPU
	EndGlobalSection
	GlobalSection(ProjectConfigurationPlatforms) = postSolution
		{570B3F1C-BD9B-4CDB-8696-D57140C4CAD2}.Debug|Any CPU.ActiveCfg = Debug|Any CPU
		{570B3F1C-BD9B-4CDB-8696-D57140C4CAD2}.Debug|Any CPU.Build.0 = Debug|Any CPU
		{570B3F1C-BD9B-4CDB-8696-D57140C4CAD2}.Release|Any CPU.ActiveCfg = Release|Any CPU
		{570B3F1C-BD9B-4CDB-8696-D57140C4CAD2}.Release|Any CPU.Build.0 = Release|Any CPU
	EndGlobalSection
	GlobalSection(SolutionProperties) = preSolution
		HideSolutionNode = FALSE
	EndGlobalSection
	GlobalSection(ExtensibilityGlobals) = postSolution
		SolutionGuid = {AF33D2CB-531E-413C-BC7B-47A42C8BBF70}
	EndGlobalSection
EndGlobal
